// !$*UTF8*$!
{
	archiveVersion = 1;
	classes = {
	};
	objectVersion = 50;
	objects = {

/* Begin PBXBuildFile section */
		84D9F21D2301F07F00D9723D /* Enums.swift in Sources */ = {isa = PBXBuildFile; fileRef = 84D9F21C2301F07F00D9723D /* Enums.swift */; };
		84D9F21F2301F0E200D9723D /* DetailFactory.swift in Sources */ = {isa = PBXBuildFile; fileRef = 84D9F21E2301F0E200D9723D /* DetailFactory.swift */; };
		84D9F2212301F10400D9723D /* MasterEngine.swift in Sources */ = {isa = PBXBuildFile; fileRef = 84D9F2202301F10400D9723D /* MasterEngine.swift */; };
		84D9F2232301F12700D9723D /* SubEngine.swift in Sources */ = {isa = PBXBuildFile; fileRef = 84D9F2222301F12700D9723D /* SubEngine.swift */; };
		904E67D522FF2040002442E8 /* TableViewCells.swift in Sources */ = {isa = PBXBuildFile; fileRef = 904E67D422FF2040002442E8 /* TableViewCells.swift */; };
		904E67D922FF47C9002442E8 /* Main.storyboard in Resources */ = {isa = PBXBuildFile; fileRef = 904E67D822FF47C9002442E8 /* Main.storyboard */; };
		906D3CA92302F8C400CDEFA9 /* MasterContainerViewController.swift in Sources */ = {isa = PBXBuildFile; fileRef = 906D3CA82302F8C400CDEFA9 /* MasterContainerViewController.swift */; };
		906D3CAB23030AFE00CDEFA9 /* SubMasterTableViewController.swift in Sources */ = {isa = PBXBuildFile; fileRef = 906D3CAA23030AFE00CDEFA9 /* SubMasterTableViewController.swift */; };
		90CF2B4022FB01CB0069802F /* AppDelegate.swift in Sources */ = {isa = PBXBuildFile; fileRef = 90CF2B3F22FB01CB0069802F /* AppDelegate.swift */; };
		90CF2B4722FB01CD0069802F /* Assets.xcassets in Resources */ = {isa = PBXBuildFile; fileRef = 90CF2B4622FB01CD0069802F /* Assets.xcassets */; };
		90CF2B4A22FB01CD0069802F /* LaunchScreen.storyboard in Resources */ = {isa = PBXBuildFile; fileRef = 90CF2B4822FB01CD0069802F /* LaunchScreen.storyboard */; };
		90CF2B5522FB01CD0069802F /* splitsTests.swift in Sources */ = {isa = PBXBuildFile; fileRef = 90CF2B5422FB01CD0069802F /* splitsTests.swift */; };
		90CF2B6722FB03940069802F /* RootTableViewController.swift in Sources */ = {isa = PBXBuildFile; fileRef = 90CF2B6622FB03940069802F /* RootTableViewController.swift */; };
		90CF2B6922FB03CB0069802F /* DetailViewController.swift in Sources */ = {isa = PBXBuildFile; fileRef = 90CF2B6822FB03CB0069802F /* DetailViewController.swift */; };
		90CF2B6E22FB06230069802F /* ViewProtocols.swift in Sources */ = {isa = PBXBuildFile; fileRef = 90CF2B6D22FB06230069802F /* ViewProtocols.swift */; };
		90CF2B7122FB0EFE0069802F /* Models.swift in Sources */ = {isa = PBXBuildFile; fileRef = 90CF2B7022FB0EFE0069802F /* Models.swift */; };
		90CF2B7422FB0F440069802F /* CoreServices.swift in Sources */ = {isa = PBXBuildFile; fileRef = 90CF2B7322FB0F440069802F /* CoreServices.swift */; };
		90FA125322FDB74E00B0D5D7 /* TestWindows.swift in Sources */ = {isa = PBXBuildFile; fileRef = 90FA125222FDB74E00B0D5D7 /* TestWindows.swift */; };
/* End PBXBuildFile section */

/* Begin PBXContainerItemProxy section */
		90CF2B5122FB01CD0069802F /* PBXContainerItemProxy */ = {
			isa = PBXContainerItemProxy;
			containerPortal = 90CF2B3422FB01CB0069802F /* Project object */;
			proxyType = 1;
			remoteGlobalIDString = 90CF2B3B22FB01CB0069802F;
			remoteInfo = splits;
		};
/* End PBXContainerItemProxy section */

/* Begin PBXFileReference section */
		84D9F21C2301F07F00D9723D /* Enums.swift */ = {isa = PBXFileReference; lastKnownFileType = sourcecode.swift; path = Enums.swift; sourceTree = "<group>"; };
		84D9F21E2301F0E200D9723D /* DetailFactory.swift */ = {isa = PBXFileReference; lastKnownFileType = sourcecode.swift; path = DetailFactory.swift; sourceTree = "<group>"; };
		84D9F2202301F10400D9723D /* MasterEngine.swift */ = {isa = PBXFileReference; lastKnownFileType = sourcecode.swift; path = MasterEngine.swift; sourceTree = "<group>"; };
		84D9F2222301F12700D9723D /* SubEngine.swift */ = {isa = PBXFileReference; lastKnownFileType = sourcecode.swift; path = SubEngine.swift; sourceTree = "<group>"; };
		904E67D422FF2040002442E8 /* TableViewCells.swift */ = {isa = PBXFileReference; lastKnownFileType = sourcecode.swift; path = TableViewCells.swift; sourceTree = "<group>"; };
		904E67D822FF47C9002442E8 /* Main.storyboard */ = {isa = PBXFileReference; lastKnownFileType = file.storyboard; path = Main.storyboard; sourceTree = "<group>"; };
		906D3CA82302F8C400CDEFA9 /* MasterContainerViewController.swift */ = {isa = PBXFileReference; lastKnownFileType = sourcecode.swift; path = MasterContainerViewController.swift; sourceTree = "<group>"; };
		906D3CAA23030AFE00CDEFA9 /* SubMasterTableViewController.swift */ = {isa = PBXFileReference; lastKnownFileType = sourcecode.swift; path = SubMasterTableViewController.swift; sourceTree = "<group>"; };
		90CF2B3C22FB01CB0069802F /* splits.app */ = {isa = PBXFileReference; explicitFileType = wrapper.application; includeInIndex = 0; path = splits.app; sourceTree = BUILT_PRODUCTS_DIR; };
		90CF2B3F22FB01CB0069802F /* AppDelegate.swift */ = {isa = PBXFileReference; lastKnownFileType = sourcecode.swift; path = AppDelegate.swift; sourceTree = "<group>"; };
		90CF2B4622FB01CD0069802F /* Assets.xcassets */ = {isa = PBXFileReference; lastKnownFileType = folder.assetcatalog; path = Assets.xcassets; sourceTree = "<group>"; };
		90CF2B4922FB01CD0069802F /* Base */ = {isa = PBXFileReference; lastKnownFileType = file.storyboard; name = Base; path = Base.lproj/LaunchScreen.storyboard; sourceTree = "<group>"; };
		90CF2B4B22FB01CD0069802F /* Info.plist */ = {isa = PBXFileReference; lastKnownFileType = text.plist.xml; path = Info.plist; sourceTree = "<group>"; };
		90CF2B5022FB01CD0069802F /* splitsTests.xctest */ = {isa = PBXFileReference; explicitFileType = wrapper.cfbundle; includeInIndex = 0; path = splitsTests.xctest; sourceTree = BUILT_PRODUCTS_DIR; };
		90CF2B5422FB01CD0069802F /* splitsTests.swift */ = {isa = PBXFileReference; lastKnownFileType = sourcecode.swift; path = splitsTests.swift; sourceTree = "<group>"; };
		90CF2B5622FB01CD0069802F /* Info.plist */ = {isa = PBXFileReference; lastKnownFileType = text.plist.xml; path = Info.plist; sourceTree = "<group>"; };
		90CF2B6622FB03940069802F /* RootTableViewController.swift */ = {isa = PBXFileReference; lastKnownFileType = sourcecode.swift; path = RootTableViewController.swift; sourceTree = "<group>"; };
		90CF2B6822FB03CB0069802F /* DetailViewController.swift */ = {isa = PBXFileReference; lastKnownFileType = sourcecode.swift; path = DetailViewController.swift; sourceTree = "<group>"; };
		90CF2B6D22FB06230069802F /* ViewProtocols.swift */ = {isa = PBXFileReference; lastKnownFileType = sourcecode.swift; path = ViewProtocols.swift; sourceTree = "<group>"; };
		90CF2B7022FB0EFE0069802F /* Models.swift */ = {isa = PBXFileReference; lastKnownFileType = sourcecode.swift; path = Models.swift; sourceTree = "<group>"; };
		90CF2B7322FB0F440069802F /* CoreServices.swift */ = {isa = PBXFileReference; lastKnownFileType = sourcecode.swift; path = CoreServices.swift; sourceTree = "<group>"; };
		90FA125222FDB74E00B0D5D7 /* TestWindows.swift */ = {isa = PBXFileReference; lastKnownFileType = sourcecode.swift; path = TestWindows.swift; sourceTree = "<group>"; };
/* End PBXFileReference section */

/* Begin PBXFrameworksBuildPhase section */
		90CF2B3922FB01CB0069802F /* Frameworks */ = {
			isa = PBXFrameworksBuildPhase;
			buildActionMask = 2147483647;
			files = (
			);
			runOnlyForDeploymentPostprocessing = 0;
		};
		90CF2B4D22FB01CD0069802F /* Frameworks */ = {
			isa = PBXFrameworksBuildPhase;
			buildActionMask = 2147483647;
			files = (
			);
			runOnlyForDeploymentPostprocessing = 0;
		};
/* End PBXFrameworksBuildPhase section */

/* Begin PBXGroup section */
		90CF2B3322FB01CB0069802F = {
			isa = PBXGroup;
			children = (
				90CF2B3E22FB01CB0069802F /* splits */,
				90CF2B5322FB01CD0069802F /* splitsTests */,
				90CF2B3D22FB01CB0069802F /* Products */,
			);
			sourceTree = "<group>";
		};
		90CF2B3D22FB01CB0069802F /* Products */ = {
			isa = PBXGroup;
			children = (
				90CF2B3C22FB01CB0069802F /* splits.app */,
				90CF2B5022FB01CD0069802F /* splitsTests.xctest */,
			);
			name = Products;
			sourceTree = "<group>";
		};
		90CF2B3E22FB01CB0069802F /* splits */ = {
			isa = PBXGroup;
			children = (
				90CF2B7222FB0F290069802F /* Managers */,
				90CF2B6F22FB0EE20069802F /* Models */,
				90CF2B6C22FB06080069802F /* Components */,
				90CF2B5F22FB02520069802F /* Controllers */,
				90CF2B3F22FB01CB0069802F /* AppDelegate.swift */,
				90CF2B4622FB01CD0069802F /* Assets.xcassets */,
				90CF2B4822FB01CD0069802F /* LaunchScreen.storyboard */,
				90CF2B4B22FB01CD0069802F /* Info.plist */,
				904E67D822FF47C9002442E8 /* Main.storyboard */,
			);
			path = splits;
			sourceTree = "<group>";
		};
		90CF2B5322FB01CD0069802F /* splitsTests */ = {
			isa = PBXGroup;
			children = (
				90CF2B5422FB01CD0069802F /* splitsTests.swift */,
				90CF2B5622FB01CD0069802F /* Info.plist */,
			);
			path = splitsTests;
			sourceTree = "<group>";
		};
		90CF2B5F22FB02520069802F /* Controllers */ = {
			isa = PBXGroup;
			children = (
				84D9F21E2301F0E200D9723D /* DetailFactory.swift */,
				90CF2B6622FB03940069802F /* RootTableViewController.swift */,
				90CF2B6822FB03CB0069802F /* DetailViewController.swift */,
				90FA125222FDB74E00B0D5D7 /* TestWindows.swift */,
				904E67D422FF2040002442E8 /* TableViewCells.swift */,
				906D3CA82302F8C400CDEFA9 /* MasterContainerViewController.swift */,
				906D3CAA23030AFE00CDEFA9 /* SubMasterTableViewController.swift */,
			);
			path = Controllers;
			sourceTree = "<group>";
		};
		90CF2B6C22FB06080069802F /* Components */ = {
			isa = PBXGroup;
			children = (
				90CF2B6D22FB06230069802F /* ViewProtocols.swift */,
				84D9F21C2301F07F00D9723D /* Enums.swift */,
			);
			path = Components;
			sourceTree = "<group>";
		};
		90CF2B6F22FB0EE20069802F /* Models */ = {
			isa = PBXGroup;
			children = (
				90CF2B7022FB0EFE0069802F /* Models.swift */,
			);
			path = Models;
			sourceTree = "<group>";
		};
		90CF2B7222FB0F290069802F /* Managers */ = {
			isa = PBXGroup;
			children = (
				84D9F2202301F10400D9723D /* MasterEngine.swift */,
				84D9F2222301F12700D9723D /* SubEngine.swift */,
				90CF2B7322FB0F440069802F /* CoreServices.swift */,
			);
			path = Managers;
			sourceTree = "<group>";
		};
/* End PBXGroup section */

/* Begin PBXNativeTarget section */
		90CF2B3B22FB01CB0069802F /* splits */ = {
			isa = PBXNativeTarget;
			buildConfigurationList = 90CF2B5922FB01CD0069802F /* Build configuration list for PBXNativeTarget "splits" */;
			buildPhases = (
				90CF2B3822FB01CB0069802F /* Sources */,
				90CF2B3922FB01CB0069802F /* Frameworks */,
				90CF2B3A22FB01CB0069802F /* Resources */,
			);
			buildRules = (
			);
			dependencies = (
			);
			name = splits;
			productName = splits;
			productReference = 90CF2B3C22FB01CB0069802F /* splits.app */;
			productType = "com.apple.product-type.application";
		};
		90CF2B4F22FB01CD0069802F /* splitsTests */ = {
			isa = PBXNativeTarget;
			buildConfigurationList = 90CF2B5C22FB01CD0069802F /* Build configuration list for PBXNativeTarget "splitsTests" */;
			buildPhases = (
				90CF2B4C22FB01CD0069802F /* Sources */,
				90CF2B4D22FB01CD0069802F /* Frameworks */,
				90CF2B4E22FB01CD0069802F /* Resources */,
			);
			buildRules = (
			);
			dependencies = (
				90CF2B5222FB01CD0069802F /* PBXTargetDependency */,
			);
			name = splitsTests;
			productName = splitsTests;
			productReference = 90CF2B5022FB01CD0069802F /* splitsTests.xctest */;
			productType = "com.apple.product-type.bundle.unit-test";
		};
/* End PBXNativeTarget section */

/* Begin PBXProject section */
		90CF2B3422FB01CB0069802F /* Project object */ = {
			isa = PBXProject;
			attributes = {
				LastSwiftUpdateCheck = 1030;
				LastUpgradeCheck = 1030;
				ORGANIZATIONNAME = "Kenneth Cluff";
				TargetAttributes = {
					90CF2B3B22FB01CB0069802F = {
						CreatedOnToolsVersion = 10.3;
					};
					90CF2B4F22FB01CD0069802F = {
						CreatedOnToolsVersion = 10.3;
						TestTargetID = 90CF2B3B22FB01CB0069802F;
					};
				};
			};
			buildConfigurationList = 90CF2B3722FB01CB0069802F /* Build configuration list for PBXProject "splits" */;
			compatibilityVersion = "Xcode 9.3";
			developmentRegion = en;
			hasScannedForEncodings = 0;
			knownRegions = (
				en,
				Base,
			);
			mainGroup = 90CF2B3322FB01CB0069802F;
			productRefGroup = 90CF2B3D22FB01CB0069802F /* Products */;
			projectDirPath = "";
			projectRoot = "";
			targets = (
				90CF2B3B22FB01CB0069802F /* splits */,
				90CF2B4F22FB01CD0069802F /* splitsTests */,
			);
		};
/* End PBXProject section */

/* Begin PBXResourcesBuildPhase section */
		90CF2B3A22FB01CB0069802F /* Resources */ = {
			isa = PBXResourcesBuildPhase;
			buildActionMask = 2147483647;
			files = (
				904E67D922FF47C9002442E8 /* Main.storyboard in Resources */,
				90CF2B4A22FB01CD0069802F /* LaunchScreen.storyboard in Resources */,
				90CF2B4722FB01CD0069802F /* Assets.xcassets in Resources */,
			);
			runOnlyForDeploymentPostprocessing = 0;
		};
		90CF2B4E22FB01CD0069802F /* Resources */ = {
			isa = PBXResourcesBuildPhase;
			buildActionMask = 2147483647;
			files = (
			);
			runOnlyForDeploymentPostprocessing = 0;
		};
/* End PBXResourcesBuildPhase section */

/* Begin PBXSourcesBuildPhase section */
		90CF2B3822FB01CB0069802F /* Sources */ = {
			isa = PBXSourcesBuildPhase;
			buildActionMask = 2147483647;
			files = (
				90CF2B6922FB03CB0069802F /* DetailViewController.swift in Sources */,
				90CF2B7422FB0F440069802F /* CoreServices.swift in Sources */,
				84D9F2232301F12700D9723D /* SubEngine.swift in Sources */,
				90CF2B6E22FB06230069802F /* ViewProtocols.swift in Sources */,
				84D9F2212301F10400D9723D /* MasterEngine.swift in Sources */,
				906D3CA92302F8C400CDEFA9 /* MasterContainerViewController.swift in Sources */,
				90CF2B7122FB0EFE0069802F /* Models.swift in Sources */,
				90CF2B4022FB01CB0069802F /* AppDelegate.swift in Sources */,
				84D9F21F2301F0E200D9723D /* DetailFactory.swift in Sources */,
				90CF2B6722FB03940069802F /* RootTableViewController.swift in Sources */,
				904E67D522FF2040002442E8 /* TableViewCells.swift in Sources */,
				84D9F21D2301F07F00D9723D /* Enums.swift in Sources */,
				906D3CAB23030AFE00CDEFA9 /* SubMasterTableViewController.swift in Sources */,
				90FA125322FDB74E00B0D5D7 /* TestWindows.swift in Sources */,
			);
			runOnlyForDeploymentPostprocessing = 0;
		};
		90CF2B4C22FB01CD0069802F /* Sources */ = {
			isa = PBXSourcesBuildPhase;
			buildActionMask = 2147483647;
			files = (
				90CF2B5522FB01CD0069802F /* splitsTests.swift in Sources */,
			);
			runOnlyForDeploymentPostprocessing = 0;
		};
/* End PBXSourcesBuildPhase section */

/* Begin PBXTargetDependency section */
		90CF2B5222FB01CD0069802F /* PBXTargetDependency */ = {
			isa = PBXTargetDependency;
			target = 90CF2B3B22FB01CB0069802F /* splits */;
			targetProxy = 90CF2B5122FB01CD0069802F /* PBXContainerItemProxy */;
		};
/* End PBXTargetDependency section */

/* Begin PBXVariantGroup section */
		90CF2B4822FB01CD0069802F /* LaunchScreen.storyboard */ = {
			isa = PBXVariantGroup;
			children = (
				90CF2B4922FB01CD0069802F /* Base */,
			);
			name = LaunchScreen.storyboard;
			sourceTree = "<group>";
		};
/* End PBXVariantGroup section */

/* Begin XCBuildConfiguration section */
		90CF2B5722FB01CD0069802F /* Debug */ = {
			isa = XCBuildConfiguration;
			buildSettings = {
				ALWAYS_SEARCH_USER_PATHS = NO;
				CLANG_ANALYZER_NONNULL = YES;
				CLANG_ANALYZER_NUMBER_OBJECT_CONVERSION = YES_AGGRESSIVE;
				CLANG_CXX_LANGUAGE_STANDARD = "gnu++14";
				CLANG_CXX_LIBRARY = "libc++";
				CLANG_ENABLE_MODULES = YES;
				CLANG_ENABLE_OBJC_ARC = YES;
				CLANG_ENABLE_OBJC_WEAK = YES;
				CLANG_WARN_BLOCK_CAPTURE_AUTORELEASING = YES;
				CLANG_WARN_BOOL_CONVERSION = YES;
				CLANG_WARN_COMMA = YES;
				CLANG_WARN_CONSTANT_CONVERSION = YES;
				CLANG_WARN_DEPRECATED_OBJC_IMPLEMENTATIONS = YES;
				CLANG_WARN_DIRECT_OBJC_ISA_USAGE = YES_ERROR;
				CLANG_WARN_DOCUMENTATION_COMMENTS = YES;
				CLANG_WARN_EMPTY_BODY = YES;
				CLANG_WARN_ENUM_CONVERSION = YES;
				CLANG_WARN_INFINITE_RECURSION = YES;
				CLANG_WARN_INT_CONVERSION = YES;
				CLANG_WARN_NON_LITERAL_NULL_CONVERSION = YES;
				CLANG_WARN_OBJC_IMPLICIT_RETAIN_SELF = YES;
				CLANG_WARN_OBJC_LITERAL_CONVERSION = YES;
				CLANG_WARN_OBJC_ROOT_CLASS = YES_ERROR;
				CLANG_WARN_RANGE_LOOP_ANALYSIS = YES;
				CLANG_WARN_STRICT_PROTOTYPES = YES;
				CLANG_WARN_SUSPICIOUS_MOVE = YES;
				CLANG_WARN_UNGUARDED_AVAILABILITY = YES_AGGRESSIVE;
				CLANG_WARN_UNREACHABLE_CODE = YES;
				CLANG_WARN__DUPLICATE_METHOD_MATCH = YES;
				CODE_SIGN_IDENTITY = "iPhone Developer";
				COPY_PHASE_STRIP = NO;
				DEBUG_INFORMATION_FORMAT = dwarf;
				ENABLE_STRICT_OBJC_MSGSEND = YES;
				ENABLE_TESTABILITY = YES;
				GCC_C_LANGUAGE_STANDARD = gnu11;
				GCC_DYNAMIC_NO_PIC = NO;
				GCC_NO_COMMON_BLOCKS = YES;
				GCC_OPTIMIZATION_LEVEL = 0;
				GCC_PREPROCESSOR_DEFINITIONS = (
					"DEBUG=1",
					"$(inherited)",
				);
				GCC_WARN_64_TO_32_BIT_CONVERSION = YES;
				GCC_WARN_ABOUT_RETURN_TYPE = YES_ERROR;
				GCC_WARN_UNDECLARED_SELECTOR = YES;
				GCC_WARN_UNINITIALIZED_AUTOS = YES_AGGRESSIVE;
				GCC_WARN_UNUSED_FUNCTION = YES;
				GCC_WARN_UNUSED_VARIABLE = YES;
				IPHONEOS_DEPLOYMENT_TARGET = 12.4;
				MTL_ENABLE_DEBUG_INFO = INCLUDE_SOURCE;
				MTL_FAST_MATH = YES;
				ONLY_ACTIVE_ARCH = YES;
				SDKROOT = iphoneos;
				SWIFT_ACTIVE_COMPILATION_CONDITIONS = DEBUG;
				SWIFT_OPTIMIZATION_LEVEL = "-Onone";
			};
			name = Debug;
		};
		90CF2B5822FB01CD0069802F /* Release */ = {
			isa = XCBuildConfiguration;
			buildSettings = {
				ALWAYS_SEARCH_USER_PATHS = NO;
				CLANG_ANALYZER_NONNULL = YES;
				CLANG_ANALYZER_NUMBER_OBJECT_CONVERSION = YES_AGGRESSIVE;
				CLANG_CXX_LANGUAGE_STANDARD = "gnu++14";
				CLANG_CXX_LIBRARY = "libc++";
				CLANG_ENABLE_MODULES = YES;
				CLANG_ENABLE_OBJC_ARC = YES;
				CLANG_ENABLE_OBJC_WEAK = YES;
				CLANG_WARN_BLOCK_CAPTURE_AUTORELEASING = YES;
				CLANG_WARN_BOOL_CONVERSION = YES;
				CLANG_WARN_COMMA = YES;
				CLANG_WARN_CONSTANT_CONVERSION = YES;
				CLANG_WARN_DEPRECATED_OBJC_IMPLEMENTATIONS = YES;
				CLANG_WARN_DIRECT_OBJC_ISA_USAGE = YES_ERROR;
				CLANG_WARN_DOCUMENTATION_COMMENTS = YES;
				CLANG_WARN_EMPTY_BODY = YES;
				CLANG_WARN_ENUM_CONVERSION = YES;
				CLANG_WARN_INFINITE_RECURSION = YES;
				CLANG_WARN_INT_CONVERSION = YES;
				CLANG_WARN_NON_LITERAL_NULL_CONVERSION = YES;
				CLANG_WARN_OBJC_IMPLICIT_RETAIN_SELF = YES;
				CLANG_WARN_OBJC_LITERAL_CONVERSION = YES;
				CLANG_WARN_OBJC_ROOT_CLASS = YES_ERROR;
				CLANG_WARN_RANGE_LOOP_ANALYSIS = YES;
				CLANG_WARN_STRICT_PROTOTYPES = YES;
				CLANG_WARN_SUSPICIOUS_MOVE = YES;
				CLANG_WARN_UNGUARDED_AVAILABILITY = YES_AGGRESSIVE;
				CLANG_WARN_UNREACHABLE_CODE = YES;
				CLANG_WARN__DUPLICATE_METHOD_MATCH = YES;
				CODE_SIGN_IDENTITY = "iPhone Developer";
				COPY_PHASE_STRIP = NO;
				DEBUG_INFORMATION_FORMAT = "dwarf-with-dsym";
				ENABLE_NS_ASSERTIONS = NO;
				ENABLE_STRICT_OBJC_MSGSEND = YES;
				GCC_C_LANGUAGE_STANDARD = gnu11;
				GCC_NO_COMMON_BLOCKS = YES;
				GCC_WARN_64_TO_32_BIT_CONVERSION = YES;
				GCC_WARN_ABOUT_RETURN_TYPE = YES_ERROR;
				GCC_WARN_UNDECLARED_SELECTOR = YES;
				GCC_WARN_UNINITIALIZED_AUTOS = YES_AGGRESSIVE;
				GCC_WARN_UNUSED_FUNCTION = YES;
				GCC_WARN_UNUSED_VARIABLE = YES;
				IPHONEOS_DEPLOYMENT_TARGET = 12.4;
				MTL_ENABLE_DEBUG_INFO = NO;
				MTL_FAST_MATH = YES;
				SDKROOT = iphoneos;
				SWIFT_COMPILATION_MODE = wholemodule;
				SWIFT_OPTIMIZATION_LEVEL = "-O";
				VALIDATE_PRODUCT = YES;
			};
			name = Release;
		};
		90CF2B5A22FB01CD0069802F /* Debug */ = {
			isa = XCBuildConfiguration;
			buildSettings = {
				ASSETCATALOG_COMPILER_APPICON_NAME = AppIcon;
				CODE_SIGN_STYLE = Automatic;
				DEVELOPMENT_TEAM = 4MAEKVPSTZ;
				INFOPLIST_FILE = splits/Info.plist;
				LD_RUNPATH_SEARCH_PATHS = (
					"$(inherited)",
					"@executable_path/Frameworks",
				);
				PRODUCT_BUNDLE_IDENTIFIER = com.customsoftware.splits;
				PRODUCT_NAME = "$(TARGET_NAME)";
				SWIFT_VERSION = 5.0;
				TARGETED_DEVICE_FAMILY = "1,2";
			};
			name = Debug;
		};
		90CF2B5B22FB01CD0069802F /* Release */ = {
			isa = XCBuildConfiguration;
			buildSettings = {
				ASSETCATALOG_COMPILER_APPICON_NAME = AppIcon;
				CODE_SIGN_STYLE = Automatic;
				DEVELOPMENT_TEAM = 4MAEKVPSTZ;
				INFOPLIST_FILE = splits/Info.plist;
				LD_RUNPATH_SEARCH_PATHS = (
					"$(inherited)",
					"@executable_path/Frameworks",
				);
				PRODUCT_BUNDLE_IDENTIFIER = com.customsoftware.splits;
				PRODUCT_NAME = "$(TARGET_NAME)";
				SWIFT_VERSION = 5.0;
				TARGETED_DEVICE_FAMILY = "1,2";
			};
			name = Release;
		};
		90CF2B5D22FB01CD0069802F /* Debug */ = {
			isa = XCBuildConfiguration;
			buildSettings = {
				ALWAYS_EMBED_SWIFT_STANDARD_LIBRARIES = YES;
				BUNDLE_LOADER = "$(TEST_HOST)";
				CODE_SIGN_STYLE = Automatic;
				DEVELOPMENT_TEAM = 4MAEKVPSTZ;
				INFOPLIST_FILE = splitsTests/Info.plist;
				LD_RUNPATH_SEARCH_PATHS = (
					"$(inherited)",
					"@executable_path/Frameworks",
					"@loader_path/Frameworks",
				);
				PRODUCT_BUNDLE_IDENTIFIER = com.customsoftware.splitsTests;
				PRODUCT_NAME = "$(TARGET_NAME)";
				SWIFT_VERSION = 5.0;
				TARGETED_DEVICE_FAMILY = "1,2";
				TEST_HOST = "$(BUILT_PRODUCTS_DIR)/splits.app/splits";
			};
			name = Debug;
		};
		90CF2B5E22FB01CD0069802F /* Release */ = {
			isa = XCBuildConfiguration;
			buildSettings = {
				ALWAYS_EMBED_SWIFT_STANDARD_LIBRARIES = YES;
				BUNDLE_LOADER = "$(TEST_HOST)";
				CODE_SIGN_STYLE = Automatic;
				DEVELOPMENT_TEAM = 4MAEKVPSTZ;
				INFOPLIST_FILE = splitsTests/Info.plist;
				LD_RUNPATH_SEARCH_PATHS = (
					"$(inherited)",
					"@executable_path/Frameworks",
					"@loader_path/Frameworks",
				);
				PRODUCT_BUNDLE_IDENTIFIER = com.customsoftware.splitsTests;
				PRODUCT_NAME = "$(TARGET_NAME)";
				SWIFT_VERSION = 5.0;
				TARGETED_DEVICE_FAMILY = "1,2";
				TEST_HOST = "$(BUILT_PRODUCTS_DIR)/splits.app/splits";
			};
			name = Release;
		};
/* End XCBuildConfiguration section */

/* Begin XCConfigurationList section */
		90CF2B3722FB01CB0069802F /* Build configuration list for PBXProject "splits" */ = {
			isa = XCConfigurationList;
			buildConfigurations = (
				90CF2B5722FB01CD0069802F /* Debug */,
				90CF2B5822FB01CD0069802F /* Release */,
			);
			defaultConfigurationIsVisible = 0;
			defaultConfigurationName = Release;
		};
		90CF2B5922FB01CD0069802F /* Build configuration list for PBXNativeTarget "splits" */ = {
			isa = XCConfigurationList;
			buildConfigurations = (
				90CF2B5A22FB01CD0069802F /* Debug */,
				90CF2B5B22FB01CD0069802F /* Release */,
			);
			defaultConfigurationIsVisible = 0;
			defaultConfigurationName = Release;
		};
		90CF2B5C22FB01CD0069802F /* Build configuration list for PBXNativeTarget "splitsTests" */ = {
			isa = XCConfigurationList;
			buildConfigurations = (
				90CF2B5D22FB01CD0069802F /* Debug */,
				90CF2B5E22FB01CD0069802F /* Release */,
			);
			defaultConfigurationIsVisible = 0;
			defaultConfigurationName = Release;
		};
/* End XCConfigurationList section */
	};
	rootObject = 90CF2B3422FB01CB0069802F /* Project object */;
}
